// !$*UTF8*$!
{
	archiveVersion = 1;
	classes = {
	};
	objectVersion = 77;
	objects = {

/* Begin PBXContainerItemProxy section */
		FEBA3C5E2E8EF3D2005169DF /* PBXContainerItemProxy */ = {
			isa = PBXContainerItemProxy;
			containerPortal = FEBA3C482E8EF3D2005169DF /* Project object */;
			proxyType = 1;
			remoteGlobalIDString = FEBA3C4F2E8EF3D2005169DF;
			remoteInfo = Payroll;
		};
		FEBA3C682E8EF3D2005169DF /* PBXContainerItemProxy */ = {
			isa = PBXContainerItemProxy;
			containerPortal = FEBA3C482E8EF3D2005169DF /* Project object */;
			proxyType = 1;
			remoteGlobalIDString = FEBA3C4F2E8EF3D2005169DF;
			remoteInfo = Payroll;
		};
/* End PBXContainerItemProxy section */

/* Begin PBXFileReference section */
		FEBA3C502E8EF3D2005169DF /* Payroll.app */ = {isa = PBXFileReference; explicitFileType = wrapper.application; includeInIndex = 0; path = Payroll.app; sourceTree = BUILT_PRODUCTS_DIR; };
		FEBA3C5D2E8EF3D2005169DF /* PayrollTests.xctest */ = {isa = PBXFileReference; explicitFileType = wrapper.cfbundle; includeInIndex = 0; path = PayrollTests.xctest; sourceTree = BUILT_PRODUCTS_DIR; };
		FEBA3C672E8EF3D2005169DF /* PayrollUITests.xctest */ = {isa = PBXFileReference; explicitFileType = wrapper.cfbundle; includeInIndex = 0; path = PayrollUITests.xctest; sourceTree = BUILT_PRODUCTS_DIR; };
/* End PBXFileReference section */

/* Begin PBXFileSystemSynchronizedRootGroup section */
		FEBA3C522E8EF3D2005169DF /* Payroll */ = {
			isa = PBXFileSystemSynchronizedRootGroup;
			path = Payroll;
			sourceTree = "<group>";
		};
		FEBA3C602E8EF3D2005169DF /* PayrollTests */ = {
			isa = PBXFileSystemSynchronizedRootGroup;
			path = PayrollTests;
			sourceTree = "<group>";
		};
		FEBA3C6A2E8EF3D2005169DF /* PayrollUITests */ = {
			isa = PBXFileSystemSynchronizedRootGroup;
			path = PayrollUITests;
			sourceTree = "<group>";
		};
/* End PBXFileSystemSynchronizedRootGroup section */

/* Begin PBXFrameworksBuildPhase section */
		FEBA3C4D2E8EF3D2005169DF /* Frameworks */ = {
			isa = PBXFrameworksBuildPhase;
			buildActionMask = 2147483647;
			files = (
			);
			runOnlyForDeploymentPostprocessing = 0;
		};
		FEBA3C5A2E8EF3D2005169DF /* Frameworks */ = {
			isa = PBXFrameworksBuildPhase;
			buildActionMask = 2147483647;
			files = (
			);
			runOnlyForDeploymentPostprocessing = 0;
		};
		FEBA3C642E8EF3D2005169DF /* Frameworks */ = {
			isa = PBXFrameworksBuildPhase;
			buildActionMask = 2147483647;
			files = (
			);
			runOnlyForDeploymentPostprocessing = 0;
		};
/* End PBXFrameworksBuildPhase section */

/* Begin PBXGroup section */
		FEBA3C472E8EF3D2005169DF = {
			isa = PBXGroup;
			children = (
				FEBA3C522E8EF3D2005169DF /* Payroll */,
				FEBA3C602E8EF3D2005169DF /* PayrollTests */,
				FEBA3C6A2E8EF3D2005169DF /* PayrollUITests */,
				FEBA3C512E8EF3D2005169DF /* Products */,
			);
			sourceTree = "<group>";
		};
		FEBA3C512E8EF3D2005169DF /* Products */ = {
			isa = PBXGroup;
			children = (
				FEBA3C502E8EF3D2005169DF /* Payroll.app */,
				FEBA3C5D2E8EF3D2005169DF /* PayrollTests.xctest */,
				FEBA3C672E8EF3D2005169DF /* PayrollUITests.xctest */,
			);
			name = Products;
			sourceTree = "<group>";
		};
/* End PBXGroup section */

/* Begin PBXNativeTarget section */
		FEBA3C4F2E8EF3D2005169DF /* Payroll */ = {
			isa = PBXNativeTarget;
			buildConfigurationList = FEBA3C712E8EF3D2005169DF /* Build configuration list for PBXNativeTarget "Payroll" */;
			buildPhases = (
				FEBA3C4C2E8EF3D2005169DF /* Sources */,
				FEBA3C4D2E8EF3D2005169DF /* Frameworks */,
				FEBA3C4E2E8EF3D2005169DF /* Resources */,
			);
			buildRules = (
			);
			dependencies = (
			);
			fileSystemSynchronizedGroups = (
				FEBA3C522E8EF3D2005169DF /* Payroll */,
			);
			name = Payroll;
			packageProductDependencies = (
			);
			productName = Payroll;
			productReference = FEBA3C502E8EF3D2005169DF /* Payroll.app */;
			productType = "com.apple.product-type.application";
		};
		FEBA3C5C2E8EF3D2005169DF /* PayrollTests */ = {
			isa = PBXNativeTarget;
			buildConfigurationList = FEBA3C742E8EF3D2005169DF /* Build configuration list for PBXNativeTarget "PayrollTests" */;
			buildPhases = (
				FEBA3C592E8EF3D2005169DF /* Sources */,
				FEBA3C5A2E8EF3D2005169DF /* Frameworks */,
				FEBA3C5B2E8EF3D2005169DF /* Resources */,
			);
			buildRules = (
			);
			dependencies = (
				FEBA3C5F2E8EF3D2005169DF /* PBXTargetDependency */,
			);
			fileSystemSynchronizedGroups = (
				FEBA3C602E8EF3D2005169DF /* PayrollTests */,
			);
			name = PayrollTests;
			packageProductDependencies = (
			);
			productName = PayrollTests;
			productReference = FEBA3C5D2E8EF3D2005169DF /* PayrollTests.xctest */;
			productType = "com.apple.product-type.bundle.unit-test";
		};
		FEBA3C662E8EF3D2005169DF /* PayrollUITests */ = {
			isa = PBXNativeTarget;
			buildConfigurationList = FEBA3C772E8EF3D2005169DF /* Build configuration list for PBXNativeTarget "PayrollUITests" */;
			buildPhases = (
				FEBA3C632E8EF3D2005169DF /* Sources */,
				FEBA3C642E8EF3D2005169DF /* Frameworks */,
				FEBA3C652E8EF3D2005169DF /* Resources */,
			);
			buildRules = (
			);
			dependencies = (
				FEBA3C692E8EF3D2005169DF /* PBXTargetDependency */,
			);
			fileSystemSynchronizedGroups = (
				FEBA3C6A2E8EF3D2005169DF /* PayrollUITests */,
			);
			name = PayrollUITests;
			packageProductDependencies = (
			);
			productName = PayrollUITests;
			productReference = FEBA3C672E8EF3D2005169DF /* PayrollUITests.xctest */;
			productType = "com.apple.product-type.bundle.ui-testing";
		};
/* End PBXNativeTarget section */

/* Begin PBXProject section */
		FEBA3C482E8EF3D2005169DF /* Project object */ = {
			isa = PBXProject;
			attributes = {
				BuildIndependentTargetsInParallel = 1;
				LastSwiftUpdateCheck = 1640;
				LastUpgradeCheck = 1640;
				TargetAttributes = {
					FEBA3C4F2E8EF3D2005169DF = {
						CreatedOnToolsVersion = 16.4;
					};
					FEBA3C5C2E8EF3D2005169DF = {
						CreatedOnToolsVersion = 16.4;
						TestTargetID = FEBA3C4F2E8EF3D2005169DF;
					};
					FEBA3C662E8EF3D2005169DF = {
						CreatedOnToolsVersion = 16.4;
						TestTargetID = FEBA3C4F2E8EF3D2005169DF;
					};
				};
			};
			buildConfigurationList = FEBA3C4B2E8EF3D2005169DF /* Build configuration list for PBXProject "Payroll" */;
			developmentRegion = en;
			hasScannedForEncodings = 0;
			knownRegions = (
				en,
				Base,
			);
			mainGroup = FEBA3C472E8EF3D2005169DF;
			minimizedProjectReferenceProxies = 1;
			preferredProjectObjectVersion = 77;
			productRefGroup = FEBA3C512E8EF3D2005169DF /* Products */;
			projectDirPath = "";
			projectRoot = "";
			targets = (
				FEBA3C4F2E8EF3D2005169DF /* Payroll */,
				FEBA3C5C2E8EF3D2005169DF /* PayrollTests */,
				FEBA3C662E8EF3D2005169DF /* PayrollUITests */,
			);
		};
/* End PBXProject section */

/* Begin PBXResourcesBuildPhase section */
		FEBA3C4E2E8EF3D2005169DF /* Resources */ = {
			isa = PBXResourcesBuildPhase;
			buildActionMask = 2147483647;
			files = (
			);
			runOnlyForDeploymentPostprocessing = 0;
		};
		FEBA3C5B2E8EF3D2005169DF /* Resources */ = {
			isa = PBXResourcesBuildPhase;
			buildActionMask = 2147483647;
			files = (
			);
			runOnlyForDeploymentPostprocessing = 0;
		};
		FEBA3C652E8EF3D2005169DF /* Resources */ = {
			isa = PBXResourcesBuildPhase;
			buildActionMask = 2147483647;
			files = (
			);
			runOnlyForDeploymentPostprocessing = 0;
		};
/* End PBXResourcesBuildPhase section */

/* Begin PBXSourcesBuildPhase section */
		FEBA3C4C2E8EF3D2005169DF /* Sources */ = {
			isa = PBXSourcesBuildPhase;
			buildActionMask = 2147483647;
			files = (
			);
			runOnlyForDeploymentPostprocessing = 0;
		};
		FEBA3C592E8EF3D2005169DF /* Sources */ = {
			isa = PBXSourcesBuildPhase;
			buildActionMask = 2147483647;
			files = (
			);
			runOnlyForDeploymentPostprocessing = 0;
		};
		FEBA3C632E8EF3D2005169DF /* Sources */ = {
			isa = PBXSourcesBuildPhase;
			buildActionMask = 2147483647;
			files = (
			);
			runOnlyForDeploymentPostprocessing = 0;
		};
/* End PBXSourcesBuildPhase section */

/* Begin PBXTargetDependency section */
		FEBA3C5F2E8EF3D2005169DF /* PBXTargetDependency */ = {
			isa = PBXTargetDependency;
			target = FEBA3C4F2E8EF3D2005169DF /* Payroll */;
			targetProxy = FEBA3C5E2E8EF3D2005169DF /* PBXContainerItemProxy */;
		};
		FEBA3C692E8EF3D2005169DF /* PBXTargetDependency */ = {
			isa = PBXTargetDependency;
			target = FEBA3C4F2E8EF3D2005169DF /* Payroll */;
			targetProxy = FEBA3C682E8EF3D2005169DF /* PBXContainerItemProxy */;
		};
/* End PBXTargetDependency section */

/* Begin XCBuildConfiguration section */
		FEBA3C6F2E8EF3D2005169DF /* Debug */ = {
			isa = XCBuildConfiguration;
			buildSettings = {
				ALWAYS_SEARCH_USER_PATHS = NO;
				ASSETCATALOG_COMPILER_GENERATE_SWIFT_ASSET_SYMBOL_EXTENSIONS = YES;
				CLANG_ANALYZER_NONNULL = YES;
				CLANG_ANALYZER_NUMBER_OBJECT_CONVERSION = YES_AGGRESSIVE;
				CLANG_CXX_LANGUAGE_STANDARD = "gnu++20";
				CLANG_ENABLE_MODULES = YES;
				CLANG_ENABLE_OBJC_ARC = YES;
				CLANG_ENABLE_OBJC_WEAK = YES;
				CLANG_WARN_BLOCK_CAPTURE_AUTORELEASING = YES;
				CLANG_WARN_BOOL_CONVERSION = YES;
				CLANG_WARN_COMMA = YES;
				CLANG_WARN_CONSTANT_CONVERSION = YES;
				CLANG_WARN_DEPRECATED_OBJC_IMPLEMENTATIONS = YES;
				CLANG_WARN_DIRECT_OBJC_ISA_USAGE = YES_ERROR;
				CLANG_WARN_DOCUMENTATION_COMMENTS = YES;
				CLANG_WARN_EMPTY_BODY = YES;
				CLANG_WARN_ENUM_CONVERSION = YES;
				CLANG_WARN_INFINITE_RECURSION = YES;
				CLANG_WARN_INT_CONVERSION = YES;
				CLANG_WARN_NON_LITERAL_NULL_CONVERSION = YES;
				CLANG_WARN_OBJC_IMPLICIT_RETAIN_SELF = YES;
				CLANG_WARN_OBJC_LITERAL_CONVERSION = YES;
				CLANG_WARN_OBJC_ROOT_CLASS = YES_ERROR;
				CLANG_WARN_QUOTED_INCLUDE_IN_FRAMEWORK_HEADER = YES;
				CLANG_WARN_RANGE_LOOP_ANALYSIS = YES;
				CLANG_WARN_STRICT_PROTOTYPES = YES;
				CLANG_WARN_SUSPICIOUS_MOVE = YES;
				CLANG_WARN_UNGUARDED_AVAILABILITY = YES_AGGRESSIVE;
				CLANG_WARN_UNREACHABLE_CODE = YES;
				CLANG_WARN__DUPLICATE_METHOD_MATCH = YES;
				COPY_PHASE_STRIP = NO;
				DEBUG_INFORMATION_FORMAT = dwarf;
				ENABLE_STRICT_OBJC_MSGSEND = YES;
				ENABLE_TESTABILITY = YES;
				ENABLE_USER_SCRIPT_SANDBOXING = YES;
				GCC_C_LANGUAGE_STANDARD = gnu17;
				GCC_DYNAMIC_NO_PIC = NO;
				GCC_NO_COMMON_BLOCKS = YES;
				GCC_OPTIMIZATION_LEVEL = 0;
				GCC_PREPROCESSOR_DEFINITIONS = (
					"DEBUG=1",
					"$(inherited)",
				);
				GCC_WARN_64_TO_32_BIT_CONVERSION = YES;
				GCC_WARN_ABOUT_RETURN_TYPE = YES_ERROR;
				GCC_WARN_UNDECLARED_SELECTOR = YES;
				GCC_WARN_UNINITIALIZED_AUTOS = YES_AGGRESSIVE;
				GCC_WARN_UNUSED_FUNCTION = YES;
				GCC_WARN_UNUSED_VARIABLE = YES;
				IPHONEOS_DEPLOYMENT_TARGET = 18.5;
				LOCALIZATION_PREFERS_STRING_CATALOGS = YES;
				MTL_ENABLE_DEBUG_INFO = INCLUDE_SOURCE;
				MTL_FAST_MATH = YES;
				ONLY_ACTIVE_ARCH = YES;
				SDKROOT = iphoneos;
				SWIFT_ACTIVE_COMPILATION_CONDITIONS = "DEBUG $(inherited)";
				SWIFT_OPTIMIZATION_LEVEL = "-Onone";
			};
			name = Debug;
		};
		FEBA3C702E8EF3D2005169DF /* Release */ = {
			isa = XCBuildConfiguration;
			buildSettings = {
				ALWAYS_SEARCH_USER_PATHS = NO;
				ASSETCATALOG_COMPILER_GENERATE_SWIFT_ASSET_SYMBOL_EXTENSIONS = YES;
				CLANG_ANALYZER_NONNULL = YES;
				CLANG_ANALYZER_NUMBER_OBJECT_CONVERSION = YES_AGGRESSIVE;
				CLANG_CXX_LANGUAGE_STANDARD = "gnu++20";
				CLANG_ENABLE_MODULES = YES;
				CLANG_ENABLE_OBJC_ARC = YES;
				CLANG_ENABLE_OBJC_WEAK = YES;
				CLANG_WARN_BLOCK_CAPTURE_AUTORELEASING = YES;
				CLANG_WARN_BOOL_CONVERSION = YES;
				CLANG_WARN_COMMA = YES;
				CLANG_WARN_CONSTANT_CONVERSION = YES;
				CLANG_WARN_DEPRECATED_OBJC_IMPLEMENTATIONS = YES;
				CLANG_WARN_DIRECT_OBJC_ISA_USAGE = YES_ERROR;
				CLANG_WARN_DOCUMENTATION_COMMENTS = YES;
				CLANG_WARN_EMPTY_BODY = YES;
				CLANG_WARN_ENUM_CONVERSION = YES;
				CLANG_WARN_INFINITE_RECURSION = YES;
				CLANG_WARN_INT_CONVERSION = YES;
				CLANG_WARN_NON_LITERAL_NULL_CONVERSION = YES;
				CLANG_WARN_OBJC_IMPLICIT_RETAIN_SELF = YES;
				CLANG_WARN_OBJC_LITERAL_CONVERSION = YES;
				CLANG_WARN_OBJC_ROOT_CLASS = YES_ERROR;
				CLANG_WARN_QUOTED_INCLUDE_IN_FRAMEWORK_HEADER = YES;
				CLANG_WARN_RANGE_LOOP_ANALYSIS = YES;
				CLANG_WARN_STRICT_PROTOTYPES = YES;
				CLANG_WARN_SUSPICIOUS_MOVE = YES;
				CLANG_WARN_UNGUARDED_AVAILABILITY = YES_AGGRESSIVE;
				CLANG_WARN_UNREACHABLE_CODE = YES;
				CLANG_WARN__DUPLICATE_METHOD_MATCH = YES;
				COPY_PHASE_STRIP = NO;
				DEBUG_INFORMATION_FORMAT = "dwarf-with-dsym";
				ENABLE_NS_ASSERTIONS = NO;
				ENABLE_STRICT_OBJC_MSGSEND = YES;
				ENABLE_USER_SCRIPT_SANDBOXING = YES;
				GCC_C_LANGUAGE_STANDARD = gnu17;
				GCC_NO_COMMON_BLOCKS = YES;
				GCC_WARN_64_TO_32_BIT_CONVERSION = YES;
				GCC_WARN_ABOUT_RETURN_TYPE = YES_ERROR;
				GCC_WARN_UNDECLARED_SELECTOR = YES;
				GCC_WARN_UNINITIALIZED_AUTOS = YES_AGGRESSIVE;
				GCC_WARN_UNUSED_FUNCTION = YES;
				GCC_WARN_UNUSED_VARIABLE = YES;
				IPHONEOS_DEPLOYMENT_TARGET = 18.5;
				LOCALIZATION_PREFERS_STRING_CATALOGS = YES;
				MTL_ENABLE_DEBUG_INFO = NO;
				MTL_FAST_MATH = YES;
				SDKROOT = iphoneos;
				SWIFT_COMPILATION_MODE = wholemodule;
				VALIDATE_PRODUCT = YES;
			};
			name = Release;
		};
		FEBA3C722E8EF3D2005169DF /* Debug */ = {
			isa = XCBuildConfiguration;
			buildSettings = {
				ASSETCATALOG_COMPILER_APPICON_NAME = AppIcon;
				ASSETCATALOG_COMPILER_GLOBAL_ACCENT_COLOR_NAME = AccentColor;
				CODE_SIGN_STYLE = Automatic;
				CURRENT_PROJECT_VERSION = 1;
				DEVELOPMENT_TEAM = YXK53ZSFLG;
				ENABLE_PREVIEWS = YES;
				GENERATE_INFOPLIST_FILE = YES;
				INFOPLIST_KEY_UIApplicationSceneManifest_Generation = YES;
				INFOPLIST_KEY_UIApplicationSupportsIndirectInputEvents = YES;
				INFOPLIST_KEY_UILaunchScreen_Generation = YES;
				INFOPLIST_KEY_UISupportedInterfaceOrientations_iPad = "UIInterfaceOrientationPortrait UIInterfaceOrientationPortraitUpsideDown UIInterfaceOrientationLandscapeLeft UIInterfaceOrientationLandscapeRight";
				INFOPLIST_KEY_UISupportedInterfaceOrientations_iPhone = "UIInterfaceOrientationPortrait UIInterfaceOrientationLandscapeLeft UIInterfaceOrientationLandscapeRight";
				LD_RUNPATH_SEARCH_PATHS = (
					"$(inherited)",
					"@executable_path/Frameworks",
				);
				MARKETING_VERSION = 1.0;
				PRODUCT_BUNDLE_IDENTIFIER = yayo.Payroll;
				PRODUCT_NAME = "$(TARGET_NAME)";
				SWIFT_EMIT_LOC_STRINGS = YES;
				SWIFT_VERSION = 5.0;
				TARGETED_DEVICE_FAMILY = "1,2";
			};
			name = Debug;
		};
		FEBA3C732E8EF3D2005169DF /* Release */ = {
			isa = XCBuildConfiguration;
			buildSettings = {
				ASSETCATALOG_COMPILER_APPICON_NAME = AppIcon;
				ASSETCATALOG_COMPILER_GLOBAL_ACCENT_COLOR_NAME = AccentColor;
				CODE_SIGN_STYLE = Automatic;
				CURRENT_PROJECT_VERSION = 1;
				DEVELOPMENT_TEAM = YXK53ZSFLG;
				ENABLE_PREVIEWS = YES;
				GENERATE_INFOPLIST_FILE = YES;
				INFOPLIST_KEY_UIApplicationSceneManifest_Generation = YES;
				INFOPLIST_KEY_UIApplicationSupportsIndirectInputEvents = YES;
				INFOPLIST_KEY_UILaunchScreen_Generation = YES;
				INFOPLIST_KEY_UISupportedInterfaceOrientations_iPad = "UIInterfaceOrientationPortrait UIInterfaceOrientationPortraitUpsideDown UIInterfaceOrientationLandscapeLeft UIInterfaceOrientationLandscapeRight";
				INFOPLIST_KEY_UISupportedInterfaceOrientations_iPhone = "UIInterfaceOrientationPortrait UIInterfaceOrientationLandscapeLeft UIInterfaceOrientationLandscapeRight";
				LD_RUNPATH_SEARCH_PATHS = (
					"$(inherited)",
					"@executable_path/Frameworks",
				);
				MARKETING_VERSION = 1.0;
				PRODUCT_BUNDLE_IDENTIFIER = yayo.Payroll;
				PRODUCT_NAME = "$(TARGET_NAME)";
				SWIFT_EMIT_LOC_STRINGS = YES;
				SWIFT_VERSION = 5.0;
				TARGETED_DEVICE_FAMILY = "1,2";
			};
			name = Release;
		};
		FEBA3C752E8EF3D2005169DF /* Debug */ = {
			isa = XCBuildConfiguration;
			buildSettings = {
				BUNDLE_LOADER = "$(TEST_HOST)";
				CODE_SIGN_STYLE = Automatic;
				CURRENT_PROJECT_VERSION = 1;
				GENERATE_INFOPLIST_FILE = YES;
				IPHONEOS_DEPLOYMENT_TARGET = 18.5;
				MARKETING_VERSION = 1.0;
				PRODUCT_BUNDLE_IDENTIFIER = yayo.PayrollTests;
				PRODUCT_NAME = "$(TARGET_NAME)";
				SWIFT_EMIT_LOC_STRINGS = NO;
				SWIFT_VERSION = 5.0;
				TARGETED_DEVICE_FAMILY = "1,2";
				TEST_HOST = "$(BUILT_PRODUCTS_DIR)/Payroll.app/$(BUNDLE_EXECUTABLE_FOLDER_PATH)/Payroll";
			};
			name = Debug;
		};
		FEBA3C762E8EF3D2005169DF /* Release */ = {
			isa = XCBuildConfiguration;
			buildSettings = {
				BUNDLE_LOADER = "$(TEST_HOST)";
				CODE_SIGN_STYLE = Automatic;
				CURRENT_PROJECT_VERSION = 1;
				GENERATE_INFOPLIST_FILE = YES;
				IPHONEOS_DEPLOYMENT_TARGET = 18.5;
				MARKETING_VERSION = 1.0;
				PRODUCT_BUNDLE_IDENTIFIER = yayo.PayrollTests;
				PRODUCT_NAME = "$(TARGET_NAME)";
				SWIFT_EMIT_LOC_STRINGS = NO;
				SWIFT_VERSION = 5.0;
				TARGETED_DEVICE_FAMILY = "1,2";
				TEST_HOST = "$(BUILT_PRODUCTS_DIR)/Payroll.app/$(BUNDLE_EXECUTABLE_FOLDER_PATH)/Payroll";
			};
			name = Release;
		};
		FEBA3C782E8EF3D2005169DF /* Debug */ = {
			isa = XCBuildConfiguration;
			buildSettings = {
				CODE_SIGN_STYLE = Automatic;
				CURRENT_PROJECT_VERSION = 1;
				GENERATE_INFOPLIST_FILE = YES;
				MARKETING_VERSION = 1.0;
				PRODUCT_BUNDLE_IDENTIFIER = yayo.PayrollUITests;
				PRODUCT_NAME = "$(TARGET_NAME)";
				SWIFT_EMIT_LOC_STRINGS = NO;
				SWIFT_VERSION = 5.0;
				TARGETED_DEVICE_FAMILY = "1,2";
				TEST_TARGET_NAME = Payroll;
			};
			name = Debug;
		};
		FEBA3C792E8EF3D2005169DF /* Release */ = {
			isa = XCBuildConfiguration;
			buildSettings = {
				CODE_SIGN_STYLE = Automatic;
				CURRENT_PROJECT_VERSION = 1;
				GENERATE_INFOPLIST_FILE = YES;
				MARKETING_VERSION = 1.0;
				PRODUCT_BUNDLE_IDENTIFIER = yayo.PayrollUITests;
				PRODUCT_NAME = "$(TARGET_NAME)";
				SWIFT_EMIT_LOC_STRINGS = NO;
				SWIFT_VERSION = 5.0;
				TARGETED_DEVICE_FAMILY = "1,2";
				TEST_TARGET_NAME = Payroll;
			};
			name = Release;
		};
/* End XCBuildConfiguration section */

/* Begin XCConfigurationList section */
		FEBA3C4B2E8EF3D2005169DF /* Build configuration list for PBXProject "Payroll" */ = {
			isa = XCConfigurationList;
			buildConfigurations = (
				FEBA3C6F2E8EF3D2005169DF /* Debug */,
				FEBA3C702E8EF3D2005169DF /* Release */,
			);
			defaultConfigurationIsVisible = 0;
			defaultConfigurationName = Release;
		};
		FEBA3C712E8EF3D2005169DF /* Build configuration list for PBXNativeTarget "Payroll" */ = {
			isa = XCConfigurationList;
			buildConfigurations = (
				FEBA3C722E8EF3D2005169DF /* Debug */,
				FEBA3C732E8EF3D2005169DF /* Release */,
			);
			defaultConfigurationIsVisible = 0;
			defaultConfigurationName = Release;
		};
		FEBA3C742E8EF3D2005169DF /* Build configuration list for PBXNativeTarget "PayrollTests" */ = {
			isa = XCConfigurationList;
			buildConfigurations = (
				FEBA3C752E8EF3D2005169DF /* Debug */,
				FEBA3C762E8EF3D2005169DF /* Release */,
			);
			defaultConfigurationIsVisible = 0;
			defaultConfigurationName = Release;
		};
		FEBA3C772E8EF3D2005169DF /* Build configuration list for PBXNativeTarget "PayrollUITests" */ = {
			isa = XCConfigurationList;
			buildConfigurations = (
				FEBA3C782E8EF3D2005169DF /* Debug */,
				FEBA3C792E8EF3D2005169DF /* Release */,
			);
			defaultConfigurationIsVisible = 0;
			defaultConfigurationName = Release;
		};
/* End XCConfigurationList section */
	};
	rootObject = FEBA3C482E8EF3D2005169DF /* Project object */;
}
